// !$*UTF8*$!
{
	archiveVersion = 1;
	classes = {
	};
	objectVersion = 51;
	objects = {

/* Begin PBXBuildFile section */
		77266533264E122300B20F17 /* AppDelegate.swift in Sources */ = {isa = PBXBuildFile; fileRef = 77266532264E122300B20F17 /* AppDelegate.swift */; };
		77266535264E122300B20F17 /* SceneDelegate.swift in Sources */ = {isa = PBXBuildFile; fileRef = 77266534264E122300B20F17 /* SceneDelegate.swift */; };
		77266537264E122300B20F17 /* ViewController.swift in Sources */ = {isa = PBXBuildFile; fileRef = 77266536264E122300B20F17 /* ViewController.swift */; };
		7726653A264E122300B20F17 /* Main.storyboard in Resources */ = {isa = PBXBuildFile; fileRef = 77266538264E122300B20F17 /* Main.storyboard */; };
		7726653C264E122400B20F17 /* Assets.xcassets in Resources */ = {isa = PBXBuildFile; fileRef = 7726653B264E122400B20F17 /* Assets.xcassets */; };
		7726653F264E122400B20F17 /* LaunchScreen.storyboard in Resources */ = {isa = PBXBuildFile; fileRef = 7726653D264E122400B20F17 /* LaunchScreen.storyboard */; };
		A7B6269E72C48EBAE9F0DB09 /* Pods_SocketIOExample.framework in Frameworks */ = {isa = PBXBuildFile; fileRef = 284008357AE6EE73D8A8365F /* Pods_SocketIOExample.framework */; };
/* End PBXBuildFile section */

/* Begin PBXFileReference section */
		284008357AE6EE73D8A8365F /* Pods_SocketIOExample.framework */ = {isa = PBXFileReference; explicitFileType = wrapper.framework; includeInIndex = 0; path = Pods_SocketIOExample.framework; sourceTree = BUILT_PRODUCTS_DIR; };
		7726652F264E122300B20F17 /* SocketIOExample.app */ = {isa = PBXFileReference; explicitFileType = wrapper.application; includeInIndex = 0; path = SocketIOExample.app; sourceTree = BUILT_PRODUCTS_DIR; };
		77266532264E122300B20F17 /* AppDelegate.swift */ = {isa = PBXFileReference; lastKnownFileType = sourcecode.swift; path = AppDelegate.swift; sourceTree = "<group>"; };
		77266534264E122300B20F17 /* SceneDelegate.swift */ = {isa = PBXFileReference; lastKnownFileType = sourcecode.swift; path = SceneDelegate.swift; sourceTree = "<group>"; };
		77266536264E122300B20F17 /* ViewController.swift */ = {isa = PBXFileReference; lastKnownFileType = sourcecode.swift; path = ViewController.swift; sourceTree = "<group>"; };
		77266539264E122300B20F17 /* Base */ = {isa = PBXFileReference; lastKnownFileType = file.storyboard; name = Base; path = Base.lproj/Main.storyboard; sourceTree = "<group>"; };
		7726653B264E122400B20F17 /* Assets.xcassets */ = {isa = PBXFileReference; lastKnownFileType = folder.assetcatalog; path = Assets.xcassets; sourceTree = "<group>"; };
		7726653E264E122400B20F17 /* Base */ = {isa = PBXFileReference; lastKnownFileType = file.storyboard; name = Base; path = Base.lproj/LaunchScreen.storyboard; sourceTree = "<group>"; };
		77266540264E122400B20F17 /* Info.plist */ = {isa = PBXFileReference; lastKnownFileType = text.plist.xml; path = Info.plist; sourceTree = "<group>"; };
		9B80C201BE04CE82958A91CD /* Pods-SocketIOExample.debug.xcconfig */ = {isa = PBXFileReference; includeInIndex = 1; lastKnownFileType = text.xcconfig; name = "Pods-SocketIOExample.debug.xcconfig"; path = "Target Support Files/Pods-SocketIOExample/Pods-SocketIOExample.debug.xcconfig"; sourceTree = "<group>"; };
		AFBB64B91FFDFC1D1B743EB7 /* Pods-SocketIOExample.release.xcconfig */ = {isa = PBXFileReference; includeInIndex = 1; lastKnownFileType = text.xcconfig; name = "Pods-SocketIOExample.release.xcconfig"; path = "Target Support Files/Pods-SocketIOExample/Pods-SocketIOExample.release.xcconfig"; sourceTree = "<group>"; };
/* End PBXFileReference section */

/* Begin PBXFrameworksBuildPhase section */
		7726652C264E122300B20F17 /* Frameworks */ = {
			isa = PBXFrameworksBuildPhase;
			buildActionMask = 2147483647;
			files = (
				A7B6269E72C48EBAE9F0DB09 /* Pods_SocketIOExample.framework in Frameworks */,
			);
			runOnlyForDeploymentPostprocessing = 0;
		};
/* End PBXFrameworksBuildPhase section */

/* Begin PBXGroup section */
		28D7AA8B80A45CB375B05068 /* Pods */ = {
			isa = PBXGroup;
			children = (
				9B80C201BE04CE82958A91CD /* Pods-SocketIOExample.debug.xcconfig */,
				AFBB64B91FFDFC1D1B743EB7 /* Pods-SocketIOExample.release.xcconfig */,
			);
			path = Pods;
			sourceTree = "<group>";
		};
		77266526264E122300B20F17 = {
			isa = PBXGroup;
			children = (
				77266531264E122300B20F17 /* SocketIOExample */,
				77266530264E122300B20F17 /* Products */,
				28D7AA8B80A45CB375B05068 /* Pods */,
				951FE58F7E6AE7CD9907008C /* Frameworks */,
			);
			sourceTree = "<group>";
		};
		77266530264E122300B20F17 /* Products */ = {
			isa = PBXGroup;
			children = (
				7726652F264E122300B20F17 /* SocketIOExample.app */,
			);
			name = Products;
			sourceTree = "<group>";
		};
		77266531264E122300B20F17 /* SocketIOExample */ = {
			isa = PBXGroup;
			children = (
				77266532264E122300B20F17 /* AppDelegate.swift */,
				77266534264E122300B20F17 /* SceneDelegate.swift */,
				77266536264E122300B20F17 /* ViewController.swift */,
				77266538264E122300B20F17 /* Main.storyboard */,
				7726653B264E122400B20F17 /* Assets.xcassets */,
				7726653D264E122400B20F17 /* LaunchScreen.storyboard */,
				77266540264E122400B20F17 /* Info.plist */,
			);
			path = SocketIOExample;
			sourceTree = "<group>";
		};
		951FE58F7E6AE7CD9907008C /* Frameworks */ = {
			isa = PBXGroup;
			children = (
				284008357AE6EE73D8A8365F /* Pods_SocketIOExample.framework */,
			);
			name = Frameworks;
			sourceTree = "<group>";
		};
/* End PBXGroup section */

/* Begin PBXNativeTarget section */
		7726652E264E122300B20F17 /* SocketIOExample */ = {
			isa = PBXNativeTarget;
			buildConfigurationList = 77266543264E122400B20F17 /* Build configuration list for PBXNativeTarget "SocketIOExample" */;
			buildPhases = (
				ACA99ABDA75CF3A8B2F21AE8 /* [CP] Check Pods Manifest.lock */,
				7726652B264E122300B20F17 /* Sources */,
				7726652C264E122300B20F17 /* Frameworks */,
				7726652D264E122300B20F17 /* Resources */,
				D6B294C1B821F466019EFA19 /* [CP] Embed Pods Frameworks */,
			);
			buildRules = (
			);
			dependencies = (
			);
			name = SocketIOExample;
			productName = SocketIOExample;
			productReference = 7726652F264E122300B20F17 /* SocketIOExample.app */;
			productType = "com.apple.product-type.application";
		};
/* End PBXNativeTarget section */

/* Begin PBXProject section */
		77266527264E122300B20F17 /* Project object */ = {
			isa = PBXProject;
			attributes = {
				LastSwiftUpdateCheck = 1240;
				LastUpgradeCheck = 1240;
				TargetAttributes = {
					7726652E264E122300B20F17 = {
						CreatedOnToolsVersion = 12.4;
					};
				};
			};
			buildConfigurationList = 7726652A264E122300B20F17 /* Build configuration list for PBXProject "SocketIOExample" */;
			compatibilityVersion = "Xcode 9.3";
			developmentRegion = en;
			hasScannedForEncodings = 0;
			knownRegions = (
				en,
				Base,
			);
			mainGroup = 77266526264E122300B20F17;
			productRefGroup = 77266530264E122300B20F17 /* Products */;
			projectDirPath = "";
			projectRoot = "";
			targets = (
				7726652E264E122300B20F17 /* SocketIOExample */,
			);
		};
/* End PBXProject section */

/* Begin PBXResourcesBuildPhase section */
		7726652D264E122300B20F17 /* Resources */ = {
			isa = PBXResourcesBuildPhase;
			buildActionMask = 2147483647;
			files = (
				7726653F264E122400B20F17 /* LaunchScreen.storyboard in Resources */,
				7726653C264E122400B20F17 /* Assets.xcassets in Resources */,
				7726653A264E122300B20F17 /* Main.storyboard in Resources */,
			);
			runOnlyForDeploymentPostprocessing = 0;
		};
/* End PBXResourcesBuildPhase section */

/* Begin PBXShellScriptBuildPhase section */
		ACA99ABDA75CF3A8B2F21AE8 /* [CP] Check Pods Manifest.lock */ = {
			isa = PBXShellScriptBuildPhase;
			buildActionMask = 2147483647;
			files = (
			);
			inputFileListPaths = (
			);
			inputPaths = (
				"${PODS_PODFILE_DIR_PATH}/Podfile.lock",
				"${PODS_ROOT}/Manifest.lock",
			);
			name = "[CP] Check Pods Manifest.lock";
			outputFileListPaths = (
			);
			outputPaths = (
				"$(DERIVED_FILE_DIR)/Pods-SocketIOExample-checkManifestLockResult.txt",
			);
			runOnlyForDeploymentPostprocessing = 0;
			shellPath = /bin/sh;
			shellScript = "diff \"${PODS_PODFILE_DIR_PATH}/Podfile.lock\" \"${PODS_ROOT}/Manifest.lock\" > /dev/null\nif [ $? != 0 ] ; then\n    # print error to STDERR\n    echo \"error: The sandbox is not in sync with the Podfile.lock. Run 'pod install' or update your CocoaPods installation.\" >&2\n    exit 1\nfi\n# This output is used by Xcode 'outputs' to avoid re-running this script phase.\necho \"SUCCESS\" > \"${SCRIPT_OUTPUT_FILE_0}\"\n";
			showEnvVarsInLog = 0;
		};
		D6B294C1B821F466019EFA19 /* [CP] Embed Pods Frameworks */ = {
			isa = PBXShellScriptBuildPhase;
			buildActionMask = 2147483647;
			files = (
			);
			inputFileListPaths = (
				"${PODS_ROOT}/Target Support Files/Pods-SocketIOExample/Pods-SocketIOExample-frameworks-${CONFIGURATION}-input-files.xcfilelist",
			);
			name = "[CP] Embed Pods Frameworks";
			outputFileListPaths = (
				"${PODS_ROOT}/Target Support Files/Pods-SocketIOExample/Pods-SocketIOExample-frameworks-${CONFIGURATION}-output-files.xcfilelist",
			);
			runOnlyForDeploymentPostprocessing = 0;
			shellPath = /bin/sh;
			shellScript = "\"${PODS_ROOT}/Target Support Files/Pods-SocketIOExample/Pods-SocketIOExample-frameworks.sh\"\n";
			showEnvVarsInLog = 0;
		};
/* End PBXShellScriptBuildPhase section */

/* Begin PBXSourcesBuildPhase section */
		7726652B264E122300B20F17 /* Sources */ = {
			isa = PBXSourcesBuildPhase;
			buildActionMask = 2147483647;
			files = (
				77266537264E122300B20F17 /* ViewController.swift in Sources */,
				77266533264E122300B20F17 /* AppDelegate.swift in Sources */,
				77266535264E122300B20F17 /* SceneDelegate.swift in Sources */,
			);
			runOnlyForDeploymentPostprocessing = 0;
		};
/* End PBXSourcesBuildPhase section */

/* Begin PBXVariantGroup section */
		77266538264E122300B20F17 /* Main.storyboard */ = {
			isa = PBXVariantGroup;
			children = (
				77266539264E122300B20F17 /* Base */,
			);
			name = Main.storyboard;
			sourceTree = "<group>";
		};
		7726653D264E122400B20F17 /* LaunchScreen.storyboard */ = {
			isa = PBXVariantGroup;
			children = (
				7726653E264E122400B20F17 /* Base */,
			);
			name = LaunchScreen.storyboard;
			sourceTree = "<group>";
		};
/* End PBXVariantGroup section */

/* Begin XCBuildConfiguration section */
		77266541264E122400B20F17 /* Debug */ = {
			isa = XCBuildConfiguration;
			buildSettings = {
				ALWAYS_SEARCH_USER_PATHS = NO;
				CLANG_ANALYZER_NONNULL = YES;
				CLANG_ANALYZER_NUMBER_OBJECT_CONVERSION = YES_AGGRESSIVE;
				CLANG_CXX_LANGUAGE_STANDARD = "gnu++14";
				CLANG_CXX_LIBRARY = "libc++";
				CLANG_ENABLE_MODULES = YES;
				CLANG_ENABLE_OBJC_ARC = YES;
				CLANG_ENABLE_OBJC_WEAK = YES;
				CLANG_WARN_BLOCK_CAPTURE_AUTORELEASING = YES;
				CLANG_WARN_BOOL_CONVERSION = YES;
				CLANG_WARN_COMMA = YES;
				CLANG_WARN_CONSTANT_CONVERSION = YES;
				CLANG_WARN_DEPRECATED_OBJC_IMPLEMENTATIONS = YES;
				CLANG_WARN_DIRECT_OBJC_ISA_USAGE = YES_ERROR;
				CLANG_WARN_DOCUMENTATION_COMMENTS = YES;
				CLANG_WARN_EMPTY_BODY = YES;
				CLANG_WARN_ENUM_CONVERSION = YES;
				CLANG_WARN_INFINITE_RECURSION = YES;
				CLANG_WARN_INT_CONVERSION = YES;
				CLANG_WARN_NON_LITERAL_NULL_CONVERSION = YES;
				CLANG_WARN_OBJC_IMPLICIT_RETAIN_SELF = YES;
				CLANG_WARN_OBJC_LITERAL_CONVERSION = YES;
				CLANG_WARN_OBJC_ROOT_CLASS = YES_ERROR;
				CLANG_WARN_QUOTED_INCLUDE_IN_FRAMEWORK_HEADER = YES;
				CLANG_WARN_RANGE_LOOP_ANALYSIS = YES;
				CLANG_WARN_STRICT_PROTOTYPES = YES;
				CLANG_WARN_SUSPICIOUS_MOVE = YES;
				CLANG_WARN_UNGUARDED_AVAILABILITY = YES_AGGRESSIVE;
				CLANG_WARN_UNREACHABLE_CODE = YES;
				CLANG_WARN__DUPLICATE_METHOD_MATCH = YES;
				COPY_PHASE_STRIP = NO;
				DEBUG_INFORMATION_FORMAT = dwarf;
				ENABLE_STRICT_OBJC_MSGSEND = YES;
				ENABLE_TESTABILITY = YES;
				GCC_C_LANGUAGE_STANDARD = gnu11;
				GCC_DYNAMIC_NO_PIC = NO;
				GCC_NO_COMMON_BLOCKS = YES;
				GCC_OPTIMIZATION_LEVEL = 0;
				GCC_PREPROCESSOR_DEFINITIONS = (
					"DEBUG=1",
					"$(inherited)",
				);
				GCC_WARN_64_TO_32_BIT_CONVERSION = YES;
				GCC_WARN_ABOUT_RETURN_TYPE = YES_ERROR;
				GCC_WARN_UNDECLARED_SELECTOR = YES;
				GCC_WARN_UNINITIALIZED_AUTOS = YES_AGGRESSIVE;
				GCC_WARN_UNUSED_FUNCTION = YES;
				GCC_WARN_UNUSED_VARIABLE = YES;
				IPHONEOS_DEPLOYMENT_TARGET = 14.4;
				MTL_ENABLE_DEBUG_INFO = INCLUDE_SOURCE;
				MTL_FAST_MATH = YES;
				ONLY_ACTIVE_ARCH = YES;
				SDKROOT = iphoneos;
				SWIFT_ACTIVE_COMPILATION_CONDITIONS = DEBUG;
				SWIFT_OPTIMIZATION_LEVEL = "-Onone";
			};
			name = Debug;
		};
		77266542264E122400B20F17 /* Release */ = {
			isa = XCBuildConfiguration;
			buildSettings = {
				ALWAYS_SEARCH_USER_PATHS = NO;
				CLANG_ANALYZER_NONNULL = YES;
				CLANG_ANALYZER_NUMBER_OBJECT_CONVERSION = YES_AGGRESSIVE;
				CLANG_CXX_LANGUAGE_STANDARD = "gnu++14";
				CLANG_CXX_LIBRARY = "libc++";
				CLANG_ENABLE_MODULES = YES;
				CLANG_ENABLE_OBJC_ARC = YES;
				CLANG_ENABLE_OBJC_WEAK = YES;
				CLANG_WARN_BLOCK_CAPTURE_AUTORELEASING = YES;
				CLANG_WARN_BOOL_CONVERSION = YES;
				CLANG_WARN_COMMA = YES;
				CLANG_WARN_CONSTANT_CONVERSION = YES;
				CLANG_WARN_DEPRECATED_OBJC_IMPLEMENTATIONS = YES;
				CLANG_WARN_DIRECT_OBJC_ISA_USAGE = YES_ERROR;
				CLANG_WARN_DOCUMENTATION_COMMENTS = YES;
				CLANG_WARN_EMPTY_BODY = YES;
				CLANG_WARN_ENUM_CONVERSION = YES;
				CLANG_WARN_INFINITE_RECURSION = YES;
				CLANG_WARN_INT_CONVERSION = YES;
				CLANG_WARN_NON_LITERAL_NULL_CONVERSION = YES;
				CLANG_WARN_OBJC_IMPLICIT_RETAIN_SELF = YES;
				CLANG_WARN_OBJC_LITERAL_CONVERSION = YES;
				CLANG_WARN_OBJC_ROOT_CLASS = YES_ERROR;
				CLANG_WARN_QUOTED_INCLUDE_IN_FRAMEWORK_HEADER = YES;
				CLANG_WARN_RANGE_LOOP_ANALYSIS = YES;
				CLANG_WARN_STRICT_PROTOTYPES = YES;
				CLANG_WARN_SUSPICIOUS_MOVE = YES;
				CLANG_WARN_UNGUARDED_AVAILABILITY = YES_AGGRESSIVE;
				CLANG_WARN_UNREACHABLE_CODE = YES;
				CLANG_WARN__DUPLICATE_METHOD_MATCH = YES;
				COPY_PHASE_STRIP = NO;
				DEBUG_INFORMATION_FORMAT = "dwarf-with-dsym";
				ENABLE_NS_ASSERTIONS = NO;
				ENABLE_STRICT_OBJC_MSGSEND = YES;
				GCC_C_LANGUAGE_STANDARD = gnu11;
				GCC_NO_COMMON_BLOCKS = YES;
				GCC_WARN_64_TO_32_BIT_CONVERSION = YES;
				GCC_WARN_ABOUT_RETURN_TYPE = YES_ERROR;
				GCC_WARN_UNDECLARED_SELECTOR = YES;
				GCC_WARN_UNINITIALIZED_AUTOS = YES_AGGRESSIVE;
				GCC_WARN_UNUSED_FUNCTION = YES;
				GCC_WARN_UNUSED_VARIABLE = YES;
				IPHONEOS_DEPLOYMENT_TARGET = 14.4;
				MTL_ENABLE_DEBUG_INFO = NO;
				MTL_FAST_MATH = YES;
				SDKROOT = iphoneos;
				SWIFT_COMPILATION_MODE = wholemodule;
				SWIFT_OPTIMIZATION_LEVEL = "-O";
				VALIDATE_PRODUCT = YES;
			};
			name = Release;
		};
		77266544264E122400B20F17 /* Debug */ = {
			isa = XCBuildConfiguration;
			baseConfigurationReference = 9B80C201BE04CE82958A91CD /* Pods-SocketIOExample.debug.xcconfig */;
			buildSettings = {
				ASSETCATALOG_COMPILER_APPICON_NAME = AppIcon;
				ASSETCATALOG_COMPILER_GLOBAL_ACCENT_COLOR_NAME = AccentColor;
				CODE_SIGN_STYLE = Automatic;
				DEVELOPMENT_TEAM = 8WGBZHP3L6;
				INFOPLIST_FILE = SocketIOExample/Info.plist;
				IPHONEOS_DEPLOYMENT_TARGET = 13.0;
				LD_RUNPATH_SEARCH_PATHS = (
					"$(inherited)",
					"@executable_path/Frameworks",
				);
				PRODUCT_BUNDLE_IDENTIFIER = dvHuni.SocketIOExample;
				PRODUCT_NAME = "$(TARGET_NAME)";
				SWIFT_VERSION = 5.0;
				TARGETED_DEVICE_FAMILY = "1,2";
			};
			name = Debug;
		};
		77266545264E122400B20F17 /* Release */ = {
			isa = XCBuildConfiguration;
			baseConfigurationReference = AFBB64B91FFDFC1D1B743EB7 /* Pods-SocketIOExample.release.xcconfig */;
			buildSettings = {
				ASSETCATALOG_COMPILER_APPICON_NAME = AppIcon;
				ASSETCATALOG_COMPILER_GLOBAL_ACCENT_COLOR_NAME = AccentColor;
				CODE_SIGN_STYLE = Automatic;
				DEVELOPMENT_TEAM = 8WGBZHP3L6;
				INFOPLIST_FILE = SocketIOExample/Info.plist;
				IPHONEOS_DEPLOYMENT_TARGET = 13.0;
				LD_RUNPATH_SEARCH_PATHS = (
					"$(inherited)",
					"@executable_path/Frameworks",
				);
				PRODUCT_BUNDLE_IDENTIFIER = dvHuni.SocketIOExample;
				PRODUCT_NAME = "$(TARGET_NAME)";
				SWIFT_VERSION = 5.0;
				TARGETED_DEVICE_FAMILY = "1,2";
			};
			name = Release;
		};
/* End XCBuildConfiguration section */

/* Begin XCConfigurationList section */
		7726652A264E122300B20F17 /* Build configuration list for PBXProject "SocketIOExample" */ = {
			isa = XCConfigurationList;
			buildConfigurations = (
				77266541264E122400B20F17 /* Debug */,
				77266542264E122400B20F17 /* Release */,
			);
			defaultConfigurationIsVisible = 0;
			defaultConfigurationName = Release;
		};
		77266543264E122400B20F17 /* Build configuration list for PBXNativeTarget "SocketIOExample" */ = {
			isa = XCConfigurationList;
			buildConfigurations = (
				77266544264E122400B20F17 /* Debug */,
				77266545264E122400B20F17 /* Release */,
			);
			defaultConfigurationIsVisible = 0;
			defaultConfigurationName = Release;
		};
/* End XCConfigurationList section */
	};
	rootObject = 77266527264E122300B20F17 /* Project object */;
}
